
Microsoft Visual Studio Solution File, Format Version 12.00
# Visual Studio Version 17
VisualStudioVersion = 17.0.31903.59
MinimumVisualStudioVersion = 10.0.40219.1
Project("{FAE04EC0-301F-11D3-BF4B-00C04F79EFBC}") = "IntColletions", "IntColletions\IntColletions.csproj", "{2ABFAD2E-EDE9-4361-BEAC-0903FC9F6AFF}"
EndProject
Project("{FAE04EC0-301F-11D3-BF4B-00C04F79EFBC}") = "EqualPlayer", "EqualPlayer\EqualPlayer.csproj", "{F80D98B1-674D-43E5-80CE-7BF1FB494D15}"
EndProject
Project("{FAE04EC0-301F-11D3-BF4B-00C04F79EFBC}") = "FilePower1", "FilePower1\FilePower1.csproj", "{A3CF4C71-F3B0-40CB-8F95-D1CA77887A65}"
EndProject
Project("{FAE04EC0-301F-11D3-BF4B-00C04F79EFBC}") = "FilePower2", "FilePower2\FilePower2.csproj", "{E4BDC20A-F7AD-4B10-999E-8A1FA643C7D1}"
EndProject
Global
	GlobalSection(SolutionConfigurationPlatforms) = preSolution
		Debug|Any CPU = Debug|Any CPU
		Release|Any CPU = Release|Any CPU
	EndGlobalSection
	GlobalSection(SolutionProperties) = preSolution
		HideSolutionNode = FALSE
	EndGlobalSection
	GlobalSection(ProjectConfigurationPlatforms) = postSolution
		{2ABFAD2E-EDE9-4361-BEAC-0903FC9F6AFF}.Debug|Any CPU.ActiveCfg = Debug|Any CPU
		{2ABFAD2E-EDE9-4361-BEAC-0903FC9F6AFF}.Debug|Any CPU.Build.0 = Debug|Any CPU
		{2ABFAD2E-EDE9-4361-BEAC-0903FC9F6AFF}.Release|Any CPU.ActiveCfg = Release|Any CPU
		{2ABFAD2E-EDE9-4361-BEAC-0903FC9F6AFF}.Release|Any CPU.Build.0 = Release|Any CPU
		{F80D98B1-674D-43E5-80CE-7BF1FB494D15}.Debug|Any CPU.ActiveCfg = Debug|Any CPU
		{F80D98B1-674D-43E5-80CE-7BF1FB494D15}.Debug|Any CPU.Build.0 = Debug|Any CPU
		{F80D98B1-674D-43E5-80CE-7BF1FB494D15}.Release|Any CPU.ActiveCfg = Release|Any CPU
		{F80D98B1-674D-43E5-80CE-7BF1FB494D15}.Release|Any CPU.Build.0 = Release|Any CPU
		{A3CF4C71-F3B0-40CB-8F95-D1CA77887A65}.Debug|Any CPU.ActiveCfg = Debug|Any CPU
		{A3CF4C71-F3B0-40CB-8F95-D1CA77887A65}.Debug|Any CPU.Build.0 = Debug|Any CPU
		{A3CF4C71-F3B0-40CB-8F95-D1CA77887A65}.Release|Any CPU.ActiveCfg = Release|Any CPU
		{A3CF4C71-F3B0-40CB-8F95-D1CA77887A65}.Release|Any CPU.Build.0 = Release|Any CPU
		{E4BDC20A-F7AD-4B10-999E-8A1FA643C7D1}.Debug|Any CPU.ActiveCfg = Debug|Any CPU
		{E4BDC20A-F7AD-4B10-999E-8A1FA643C7D1}.Debug|Any CPU.Build.0 = Debug|Any CPU
		{E4BDC20A-F7AD-4B10-999E-8A1FA643C7D1}.Release|Any CPU.ActiveCfg = Release|Any CPU
		{E4BDC20A-F7AD-4B10-999E-8A1FA643C7D1}.Release|Any CPU.Build.0 = Release|Any CPU
	EndGlobalSection
EndGlobal
